Microsoft Visual Studio Solution File, Format Version 12.00
# Visual Studio Version 17
VisualStudioVersion = 17.5.2.0
MinimumVisualStudioVersion = 10.0.40219.1
Project("{2150E333-8FDC-42A3-9474-1A3956D46DE8}") = "backend_csharp", "backend_csharp", "{0271426B-70DB-63FF-5DDC-DB258EE887EF}"
EndProject
Project("{FAE04EC0-301F-11D3-BF4B-00C04F79EFBC}") = "StrokeAlertApp.Api", "backend_csharp\StrokeAlertApp.Api\StrokeAlertApp.Api.csproj", "{8C40DFA3-5DD9-1EFF-112A-64E94D372CCC}"
EndProject
Global
	GlobalSection(SolutionConfigurationPlatforms) = preSolution
		Debug|Any CPU = Debug|Any CPU
		Release|Any CPU = Release|Any CPU
	EndGlobalSection
	GlobalSection(ProjectConfigurationPlatforms) = postSolution
		{8C40DFA3-5DD9-1EFF-112A-64E94D372CCC}.Debug|Any CPU.ActiveCfg = Debug|Any CPU
		{8C40DFA3-5DD9-1EFF-112A-64E94D372CCC}.Debug|Any CPU.Build.0 = Debug|Any CPU
		{8C40DFA3-5DD9-1EFF-112A-64E94D372CCC}.Release|Any CPU.ActiveCfg = Release|Any CPU
		{8C40DFA3-5DD9-1EFF-112A-64E94D372CCC}.Release|Any CPU.Build.0 = Release|Any CPU
	EndGlobalSection
	GlobalSection(SolutionProperties) = preSolution
		HideSolutionNode = FALSE
	EndGlobalSection
	GlobalSection(NestedProjects) = preSolution
		{8C40DFA3-5DD9-1EFF-112A-64E94D372CCC} = {0271426B-70DB-63FF-5DDC-DB258EE887EF}
	EndGlobalSection
	GlobalSection(ExtensibilityGlobals) = postSolution
		SolutionGuid = {55061271-1D54-4095-ADF7-509C239ACF74}
	EndGlobalSection
EndGlobal
